PODS:
  - camera_avfoundation (0.0.1):
    - Flutter
  - cloud_firestore (4.15.9):
    - Firebase/Firestore (= 10.22.0)
    - firebase_core
    - Flutter
    - nanopb (< 2.30910.0, >= 2.30908.0)
  - Firebase/Auth (10.22.0):
    - Firebase/CoreOnly
    - FirebaseAuth (~> 10.22.0)
  - Firebase/CoreOnly (10.22.0):
    - FirebaseCore (= 10.22.0)
  - Firebase/Firestore (10.22.0):
    - Firebase/CoreOnly
    - FirebaseFirestore (~> 10.22.0)
  - Firebase/Storage (10.22.0):
    - Firebase/CoreOnly
    - FirebaseStorage (~> 10.22.0)
  - firebase_auth (4.17.9):
    - Firebase/Auth (= 10.22.0)
    - firebase_core
    - Flutter
  - firebase_core (2.27.1):
    - Firebase/CoreOnly (= 10.22.0)
    - Flutter
  - firebase_storage (11.6.10):
    - Firebase/Storage (= 10.22.0)
    - firebase_core
    - Flutter
  - FirebaseAppCheckInterop (10.23.0)
  - FirebaseAuth (10.22.0):
    - FirebaseAppCheckInterop (~> 10.17)
    - FirebaseCore (~> 10.0)
    - GoogleUtilities/AppDelegateSwizzler (~> 7.8)
    - GoogleUtilities/Environment (~> 7.8)
    - GTMSessionFetcher/Core (< 4.0, >= 2.1)
    - RecaptchaInterop (~> 100.0)
  - FirebaseAuthInterop (10.23.0)
  - FirebaseCore (10.22.0):
    - FirebaseCoreInternal (~> 10.0)
    - GoogleUtilities/Environment (~> 7.12)
    - GoogleUtilities/Logger (~> 7.12)
  - FirebaseCoreExtension (10.22.0):
    - FirebaseCore (~> 10.0)
  - FirebaseCoreInternal (10.23.0):
    - "GoogleUtilities/NSData+zlib (~> 7.8)"
  - FirebaseFirestore (10.22.0):
    - FirebaseFirestoreBinary (= 10.22.0)
  - FirebaseFirestoreAbseilBinary (1.2022062300.0)
  - FirebaseFirestoreBinary (10.22.0):
    - FirebaseCore (= 10.22.0)
    - FirebaseCoreExtension (= 10.22.0)
    - FirebaseFirestoreInternalBinary (= 10.22.0)
    - FirebaseSharedSwift (= 10.22.0)
  - FirebaseFirestoreGRPCBoringSSLBinary (1.49.1)
  - FirebaseFirestoreGRPCCoreBinary (1.49.1):
    - FirebaseFirestoreAbseilBinary (= 1.2022062300.0)
    - FirebaseFirestoreGRPCBoringSSLBinary (= 1.49.1)
  - FirebaseFirestoreGRPCCPPBinary (1.49.1):
    - FirebaseFirestoreAbseilBinary (= 1.2022062300.0)
    - FirebaseFirestoreGRPCCoreBinary (= 1.49.1)
  - FirebaseFirestoreInternalBinary (10.22.0):
    - FirebaseCore (= 10.22.0)
    - FirebaseFirestoreAbseilBinary (= 1.2022062300.0)
    - FirebaseFirestoreGRPCCPPBinary (= 1.49.1)
    - leveldb-library (~> 1.22)
    - nanopb (< 2.30911.0, >= 2.30908.0)
  - FirebaseSharedSwift (10.22.0)
  - FirebaseStorage (10.22.0):
    - FirebaseAppCheckInterop (~> 10.0)
    - FirebaseAuthInterop (~> 10.0)
    - FirebaseCore (~> 10.0)
    - FirebaseCoreExtension (~> 10.0)
    - GTMSessionFetcher/Core (< 4.0, >= 2.1)
  - Flutter (1.0.0)
  - fluttertoast (0.0.2):
    - Flutter
    - Toast
  - GoogleUtilities/AppDelegateSwizzler (7.13.0):
    - GoogleUtilities/Environment
    - GoogleUtilities/Logger
    - GoogleUtilities/Network
    - GoogleUtilities/Privacy
  - GoogleUtilities/Environment (7.13.0):
    - GoogleUtilities/Privacy
    - PromisesObjC (< 3.0, >= 1.2)
  - GoogleUtilities/Logger (7.13.0):
    - GoogleUtilities/Environment
    - GoogleUtilities/Privacy
  - GoogleUtilities/Network (7.13.0):
    - GoogleUtilities/Logger
    - "GoogleUtilities/NSData+zlib"
    - GoogleUtilities/Privacy
    - GoogleUtilities/Reachability
  - "GoogleUtilities/NSData+zlib (7.13.0)":
    - GoogleUtilities/Privacy
  - GoogleUtilities/Privacy (7.13.0)
  - GoogleUtilities/Reachability (7.13.0):
    - GoogleUtilities/Logger
    - GoogleUtilities/Privacy
  - GTMSessionFetcher/Core (3.3.1)
  - image_picker_ios (0.0.1):
    - Flutter
  - leveldb-library (1.22.4)
  - nanopb (2.30909.1):
    - nanopb/decode (= 2.30909.1)
    - nanopb/encode (= 2.30909.1)
  - nanopb/decode (2.30909.1)
  - nanopb/encode (2.30909.1)
  - path_provider_foundation (0.0.1):
    - Flutter
    - FlutterMacOS
  - PromisesObjC (2.4.0)
  - RecaptchaInterop (100.0.0)
  - sqflite (0.0.3):
    - Flutter
    - FlutterMacOS
  - Toast (4.1.0)

DEPENDENCIES:
  - camera_avfoundation (from `.symlinks/plugins/camera_avfoundation/ios`)
  - cloud_firestore (from `.symlinks/plugins/cloud_firestore/ios`)
  - firebase_auth (from `.symlinks/plugins/firebase_auth/ios`)
  - firebase_core (from `.symlinks/plugins/firebase_core/ios`)
  - firebase_storage (from `.symlinks/plugins/firebase_storage/ios`)
  - FirebaseFirestore (from `https://github.com/invertase/firestore-ios-sdk-frameworks.git`, tag `10.22.0`)
  - Flutter (from `Flutter`)
  - fluttertoast (from `.symlinks/plugins/fluttertoast/ios`)
  - image_picker_ios (from `.symlinks/plugins/image_picker_ios/ios`)
  - path_provider_foundation (from `.symlinks/plugins/path_provider_foundation/darwin`)
  - sqflite (from `.symlinks/plugins/sqflite/darwin`)

SPEC REPOS:
  trunk:
    - Firebase
    - FirebaseAppCheckInterop
    - FirebaseAuth
    - FirebaseAuthInterop
    - FirebaseCore
    - FirebaseCoreExtension
    - FirebaseCoreInternal
    - FirebaseFirestoreAbseilBinary
    - FirebaseFirestoreBinary
    - FirebaseFirestoreGRPCBoringSSLBinary
    - FirebaseFirestoreGRPCCoreBinary
    - FirebaseFirestoreGRPCCPPBinary
    - FirebaseFirestoreInternalBinary
    - FirebaseSharedSwift
    - FirebaseStorage
    - GoogleUtilities
    - GTMSessionFetcher
    - leveldb-library
    - nanopb
    - PromisesObjC
    - RecaptchaInterop
    - Toast

EXTERNAL SOURCES:
  camera_avfoundation:
    :path: ".symlinks/plugins/camera_avfoundation/ios"
  cloud_firestore:
    :path: ".symlinks/plugins/cloud_firestore/ios"
  firebase_auth:
    :path: ".symlinks/plugins/firebase_auth/ios"
  firebase_core:
    :path: ".symlinks/plugins/firebase_core/ios"
  firebase_storage:
    :path: ".symlinks/plugins/firebase_storage/ios"
  FirebaseFirestore:
    :git: https://github.com/invertase/firestore-ios-sdk-frameworks.git
    :tag: 10.22.0
  Flutter:
    :path: Flutter
  fluttertoast:
    :path: ".symlinks/plugins/fluttertoast/ios"
  image_picker_ios:
    :path: ".symlinks/plugins/image_picker_ios/ios"
  path_provider_foundation:
    :path: ".symlinks/plugins/path_provider_foundation/darwin"
  sqflite:
    :path: ".symlinks/plugins/sqflite/darwin"

CHECKOUT OPTIONS:
  FirebaseFirestore:
    :git: https://github.com/invertase/firestore-ios-sdk-frameworks.git
    :tag: 10.22.0

SPEC CHECKSUMS:
  camera_avfoundation: 759172d1a77ae7be0de08fc104cfb79738b8a59e
  cloud_firestore: 9d69182af1d677062f005584ca5470a19e1f68e7
  Firebase: 797fd7297b7e1be954432743a0b3f90038e45a71
  firebase_auth: 610184b4f624545f81e0416bca60642b6818f27f
  firebase_core: d6dfb4cb86a9ebd92464bb8736075fe967211c97
  firebase_storage: 4d91299aefc706729b17bd17c3a1e874a53722df
  FirebaseAppCheckInterop: a1955ce8c30f38f87e7d091630e871e91154d65d
  FirebaseAuth: bbe4c68f958504ba9e54aee181adbdf5b664fbc6
  FirebaseAuthInterop: a458e398bb1e9b71b9b42d46e54acc666b021d0f
  FirebaseCore: 0326ec9b05fbed8f8716cddbf0e36894a13837f7
  FirebaseCoreExtension: 6394c00b887d0bebadbc7049c464aa0cbddc5d41
  FirebaseCoreInternal: 6a292e6f0bece1243a737e81556e56e5e19282e3
  FirebaseFirestore: 6a8bd88aedb9def0411f53e03b564278685fed93
  FirebaseFirestoreAbseilBinary: fc2004a2da6b5978e974ca49c2e463f5e542a78f
  FirebaseFirestoreBinary: c59e4adb329348a5a2479614f718c5b4f7429d5b
  FirebaseFirestoreGRPCBoringSSLBinary: 85a615c0b7e97173d6af581c9879baac663d9743
  FirebaseFirestoreGRPCCoreBinary: bf6ed68cea8ad7b24ba091b53374e91a5211a91f
  FirebaseFirestoreGRPCCPPBinary: cff111ba3ae5bea45a6562e8bd8750d4a7e2ebc6
  FirebaseFirestoreInternalBinary: 5f38434cc9b36a6897a616a14e85d00c890c5634
  FirebaseSharedSwift: 48076404e6e52372290d15a07d2ed1d2f1754023
  FirebaseStorage: bc7bddc743548a89cfb896843a77cf4bdde2c231
  Flutter: e0871f40cf51350855a761d2e70bf5af5b9b5de7
  fluttertoast: 31b00dabfa7fb7bacd9e7dbee580d7a2ff4bf265
  GoogleUtilities: d053d902a8edaa9904e1bd00c37535385b8ed152
  GTMSessionFetcher: 8a1b34ad97ebe6f909fb8b9b77fba99943007556
  image_picker_ios: 99dfe1854b4fa34d0364e74a78448a0151025425
  leveldb-library: 06a69cc7582d64b29424a63e085e683cc188230a
  nanopb: d4d75c12cd1316f4a64e3c6963f879ecd4b5e0d5
  path_provider_foundation: 3784922295ac71e43754bd15e0653ccfd36a147c
  PromisesObjC: f5707f49cb48b9636751c5b2e7d227e43fba9f47
  RecaptchaInterop: 7d1a4a01a6b2cb1610a47ef3f85f0c411434cb21
  sqflite: 673a0e54cc04b7d6dba8d24fb8095b31c3a99eec
  Toast: ec33c32b8688982cecc6348adeae667c1b9938da

PODFILE CHECKSUM: e25d48f3fc6236c32ef694ab12fc3833286c7048

COCOAPODS: 1.15.2
